
Microsoft Visual Studio Solution File, Format Version 10.00
# Visual C++ Express 2008
Project("{8BC9CEB8-8B4A-11D0-8D11-00A0C91BC942}") = "prob10", "prob10\prob10.vcproj", "{BDC9A275-FDB1-4EAB-BBC4-144F637FAC5D}"
EndProject
Global
	GlobalSection(SolutionConfigurationPlatforms) = preSolution
		Debug|Win32 = Debug|Win32
		Release|Win32 = Release|Win32
	EndGlobalSection
	GlobalSection(ProjectConfigurationPlatforms) = postSolution
		{BDC9A275-FDB1-4EAB-BBC4-144F637FAC5D}.Debug|Win32.ActiveCfg = Debug|Win32
		{BDC9A275-FDB1-4EAB-BBC4-144F637FAC5D}.Debug|Win32.Build.0 = Debug|Win32
		{BDC9A275-FDB1-4EAB-BBC4-144F637FAC5D}.Release|Win32.ActiveCfg = Release|Win32
		{BDC9A275-FDB1-4EAB-BBC4-144F637FAC5D}.Release|Win32.Build.0 = Release|Win32
	EndGlobalSection
	GlobalSection(SolutionProperties) = preSolution
		HideSolutionNode = FALSE
	EndGlobalSection
EndGlobal
