
Microsoft Visual Studio Solution File, Format Version 12.00
# Visual Studio 2013
VisualStudioVersion = 12.0.31101.0
MinimumVisualStudioVersion = 10.0.40219.1
Project("{8BC9CEB8-8B4A-11D0-8D11-00A0C91BC942}") = "first", "first\first.vcxproj", "{33B75A9B-3E44-4D02-B575-2238201CB327}"
EndProject
Project("{8BC9CEB8-8B4A-11D0-8D11-00A0C91BC942}") = "Win32Practice", "Win32Practice\Win32Practice.vcxproj", "{5B9F3616-4BC9-464B-8856-D5642473775E}"
EndProject
Project("{8BC9CEB8-8B4A-11D0-8D11-00A0C91BC942}") = "CallBack", "CallBack\CallBack.vcxproj", "{A5976A1E-48C0-4A1C-8B28-5027E2181F79}"
EndProject
Project("{8BC9CEB8-8B4A-11D0-8D11-00A0C91BC942}") = "Calculator", "Calculator\Calculator.vcxproj", "{A7C21648-943E-4C68-BC03-C12D5347B32D}"
EndProject
Project("{8BC9CEB8-8B4A-11D0-8D11-00A0C91BC942}") = "CalculateCallBack", "CalculateCallBack\CalculateCallBack.vcxproj", "{90956B91-55EA-4744-85E9-3FB8E294D74F}"
EndProject
Project("{8BC9CEB8-8B4A-11D0-8D11-00A0C91BC942}") = "Keyboard", "Keyboard\Keyboard.vcxproj", "{D94E1201-3C4B-4388-BC4E-447302CA187A}"
EndProject
Project("{8BC9CEB8-8B4A-11D0-8D11-00A0C91BC942}") = "CalculatorFuncPoint", "CalculatorFuncPoint\CalculatorFuncPoint.vcxproj", "{51633D36-1FAB-4DC3-A93C-9FC1DCD74781}"
EndProject
Project("{8BC9CEB8-8B4A-11D0-8D11-00A0C91BC942}") = "Lab1", "Lab1\Lab1.vcxproj", "{F8C7A328-618B-4E8B-BCC1-DDC4D359DAA5}"
EndProject
Project("{8BC9CEB8-8B4A-11D0-8D11-00A0C91BC942}") = "Quiz1", "Quiz1\Quiz1.vcxproj", "{A03DCA2B-9EFD-44D5-A260-816D2DE2F35F}"
EndProject
Project("{8BC9CEB8-8B4A-11D0-8D11-00A0C91BC942}") = "Quiz2", "Quiz2\Quiz2.vcxproj", "{68291346-35FB-4E98-A4C5-5A0216C18D77}"
EndProject
Project("{8BC9CEB8-8B4A-11D0-8D11-00A0C91BC942}") = "Lab2", "Lab2\Lab2.vcxproj", "{707C3C76-5258-4FC7-99FB-4DBFCABD8088}"
EndProject
Project("{8BC9CEB8-8B4A-11D0-8D11-00A0C91BC942}") = "Culling", "Culling\Culling.vcxproj", "{5CEDC82A-F936-4F38-A165-8B55CF97E355}"
EndProject
Project("{8BC9CEB8-8B4A-11D0-8D11-00A0C91BC942}") = "ViewportTest", "ViewportTest\ViewportTest.vcxproj", "{8FAE4C7F-D74F-4E8B-8485-6F5B91D18779}"
EndProject
Project("{8BC9CEB8-8B4A-11D0-8D11-00A0C91BC942}") = "ReshapeCallBackTest", "ReshapeCallBackTest\ReshapeCallBackTest.vcxproj", "{85EE91D4-3952-454B-9B37-934B45F714F8}"
EndProject
Project("{8BC9CEB8-8B4A-11D0-8D11-00A0C91BC942}") = "KeyboardCallBack", "KeyboardCallBack\KeyboardCallBack.vcxproj", "{30C34D5A-5519-45B3-AD95-1E67F2D29D99}"
EndProject
Project("{8BC9CEB8-8B4A-11D0-8D11-00A0C91BC942}") = "MouseCallBack", "MouseCallBack\MouseCallBack.vcxproj", "{922B8A37-C014-4118-A0C4-46D6191D583A}"
EndProject
Project("{8BC9CEB8-8B4A-11D0-8D11-00A0C91BC942}") = "MenuCallBack", "MenuCallBack\MenuCallBack.vcxproj", "{F9FBA739-6520-4C11-978B-7A3DC0584003}"
EndProject
Project("{8BC9CEB8-8B4A-11D0-8D11-00A0C91BC942}") = "SubMenuCallBack", "SubMenuCallBack\SubMenuCallBack.vcxproj", "{50A3DA09-524B-4053-A1BA-8B81CC7EC38A}"
EndProject
Project("{8BC9CEB8-8B4A-11D0-8D11-00A0C91BC942}") = "IdleCallBack", "IdleCallBack\IdleCallBack.vcxproj", "{6B20058E-CB5E-44E3-903A-0209354ED06D}"
EndProject
Project("{8BC9CEB8-8B4A-11D0-8D11-00A0C91BC942}") = "DisplayList", "DisplayList\DisplayList.vcxproj", "{A0C5009E-CF45-4885-9CC2-769872196FFB}"
EndProject
Project("{8BC9CEB8-8B4A-11D0-8D11-00A0C91BC942}") = "Quiz3", "Quiz3\Quiz3.vcxproj", "{19E89790-C164-430A-80BE-73FB3A2B07D0}"
EndProject
Project("{8BC9CEB8-8B4A-11D0-8D11-00A0C91BC942}") = "Quiz4", "Quiz4\Quiz4.vcxproj", "{364D6DDE-4DBE-4507-BCF0-373ECADBDFB1}"
EndProject
Project("{8BC9CEB8-8B4A-11D0-8D11-00A0C91BC942}") = "translation", "translation\translation.vcxproj", "{5CA753B0-1386-4EDB-AF9A-3E6EE3DD9D5C}"
EndProject
Project("{8BC9CEB8-8B4A-11D0-8D11-00A0C91BC942}") = "Rotation", "Rotation\Rotation.vcxproj", "{B84545D1-5ADA-4707-97AB-F453C39BB9A2}"
EndProject
Project("{8BC9CEB8-8B4A-11D0-8D11-00A0C91BC942}") = "Practice", "Practice\Practice.vcxproj", "{A2E59BFF-1CBF-4521-AFC7-3B1406333748}"
EndProject
Project("{8BC9CEB8-8B4A-11D0-8D11-00A0C91BC942}") = "TimerCallBack", "TimerCallBack\TimerCallBack.vcxproj", "{6355C006-15B9-47A0-B904-02E106816B41}"
EndProject
Project("{8BC9CEB8-8B4A-11D0-8D11-00A0C91BC942}") = "TimerCallBack2", "TimerCallBack2\TimerCallBack2.vcxproj", "{BB835D7D-796C-4D97-A425-1D57DE5AB0C5}"
EndProject
Project("{8BC9CEB8-8B4A-11D0-8D11-00A0C91BC942}") = "Scaling", "Scaling\Scaling.vcxproj", "{6A778955-838D-4514-9BCC-2A9A940D2C87}"
EndProject
Project("{8BC9CEB8-8B4A-11D0-8D11-00A0C91BC942}") = "CompositeTransformation", "CompositeTransformation\CompositeTransformation.vcxproj", "{D18CD428-EBF7-451E-A313-6B936D01D7A5}"
EndProject
Project("{8BC9CEB8-8B4A-11D0-8D11-00A0C91BC942}") = "Shearing", "Shearing\Shearing.vcxproj", "{B68FA8AB-EAAE-498F-AF38-71BC01A16244}"
EndProject
Project("{8BC9CEB8-8B4A-11D0-8D11-00A0C91BC942}") = "MatrixTransfomation", "MatrixTransfomation\MatrixTransfomation.vcxproj", "{02DBA526-BBDF-4E29-930B-E7ABEE03CE5B}"
EndProject
Project("{8BC9CEB8-8B4A-11D0-8D11-00A0C91BC942}") = "Matrix", "Matrix\Matrix.vcxproj", "{66B11DFD-71FE-40B1-AF91-73A522E27317}"
EndProject
Project("{8BC9CEB8-8B4A-11D0-8D11-00A0C91BC942}") = "TransformationMatrix", "TransformationMatrix\TransformationMatrix.vcxproj", "{7BAFB53F-0659-4E5B-A83C-D2AFDB1BA5B0}"
EndProject
Project("{8BC9CEB8-8B4A-11D0-8D11-00A0C91BC942}") = "lab.275", "lab.275\lab.275.vcxproj", "{F9934932-C759-4180-AE01-F3AD9F9E0A95}"
EndProject
Project("{8BC9CEB8-8B4A-11D0-8D11-00A0C91BC942}") = "LookAt", "LoockAt\LoockAt.vcxproj", "{026A6A3A-E6E3-4684-85F2-5F4984B08720}"
EndProject
Project("{8BC9CEB8-8B4A-11D0-8D11-00A0C91BC942}") = "lab.357", "lab.357\lab.357.vcxproj", "{D20C772B-5E7C-482E-918C-DE29A3C1FC8E}"
EndProject
Project("{8BC9CEB8-8B4A-11D0-8D11-00A0C91BC942}") = "CullFace", "CullFace\CullFace.vcxproj", "{19599055-8FAD-40ED-8B94-006F6FBE4FC7}"
EndProject
Project("{8BC9CEB8-8B4A-11D0-8D11-00A0C91BC942}") = "Z-Buffer", "Z-Buffer\Z-Buffer.vcxproj", "{35BF126D-9B6B-4983-82BA-9804F4EB8CD9}"
EndProject
Project("{8BC9CEB8-8B4A-11D0-8D11-00A0C91BC942}") = "Homework", "Homework\Homework.vcxproj", "{43B762CE-C067-4834-9008-1923D37A50D3}"
EndProject
Project("{8BC9CEB8-8B4A-11D0-8D11-00A0C91BC942}") = "lab476", "lab476\lab476.vcxproj", "{C92D616E-A3E6-42A9-A4C0-C6900576C066}"
EndProject
Project("{8BC9CEB8-8B4A-11D0-8D11-00A0C91BC942}") = "lab477", "lab477\lab477.vcxproj", "{66C5BDC2-EC0B-4A2E-A087-9A425B44A394}"
EndProject
Project("{8BC9CEB8-8B4A-11D0-8D11-00A0C91BC942}") = "lab479", "lab479\lab479.vcxproj", "{91127CAA-7CAC-45F8-8271-FC6B96DAEE7A}"
EndProject
Project("{8BC9CEB8-8B4A-11D0-8D11-00A0C91BC942}") = "lab480", "lab480\lab480.vcxproj", "{4A6444A2-84DF-4292-9544-64298FFBD878}"
EndProject
Project("{8BC9CEB8-8B4A-11D0-8D11-00A0C91BC942}") = "lab501", "lab501\lab501.vcxproj", "{9A5AB922-DE99-4A5C-895F-BDFCF38AA5C7}"
EndProject
Project("{8BC9CEB8-8B4A-11D0-8D11-00A0C91BC942}") = "lab503", "lab503\lab503.vcxproj", "{931EA7B1-33C2-4F64-B93D-A21917E207D1}"
EndProject
Project("{8BC9CEB8-8B4A-11D0-8D11-00A0C91BC942}") = "lab304", "lab304\lab304.vcxproj", "{D5B4CDB1-F7E9-4269-B378-07F9C00C179D}"
EndProject
Project("{8BC9CEB8-8B4A-11D0-8D11-00A0C91BC942}") = "Lighting", "Lighting\Lighting.vcxproj", "{C94558D9-7A10-44DE-84F6-313758AA2955}"
EndProject
Project("{8BC9CEB8-8B4A-11D0-8D11-00A0C91BC942}") = "lab564", "lab564\lab564.vcxproj", "{24799A48-0F98-483C-BB41-E13D96BA55F0}"
EndProject
Project("{8BC9CEB8-8B4A-11D0-8D11-00A0C91BC942}") = "MatrixStack", "MatrixStack\MatrixStack.vcxproj", "{C7169DE2-3A44-4837-910A-313D0EB9E3B9}"
EndProject
Project("{8BC9CEB8-8B4A-11D0-8D11-00A0C91BC942}") = "Reflection", "Reflection\Reflection.vcxproj", "{F1E59C02-BAB7-4F40-8210-36B0D7A4F82C}"
EndProject
Global
	GlobalSection(SolutionConfigurationPlatforms) = preSolution
		Debug|Win32 = Debug|Win32
		Release|Win32 = Release|Win32
	EndGlobalSection
	GlobalSection(ProjectConfigurationPlatforms) = postSolution
		{33B75A9B-3E44-4D02-B575-2238201CB327}.Debug|Win32.ActiveCfg = Debug|Win32
		{33B75A9B-3E44-4D02-B575-2238201CB327}.Debug|Win32.Build.0 = Debug|Win32
		{33B75A9B-3E44-4D02-B575-2238201CB327}.Release|Win32.ActiveCfg = Release|Win32
		{33B75A9B-3E44-4D02-B575-2238201CB327}.Release|Win32.Build.0 = Release|Win32
		{5B9F3616-4BC9-464B-8856-D5642473775E}.Debug|Win32.ActiveCfg = Debug|Win32
		{5B9F3616-4BC9-464B-8856-D5642473775E}.Debug|Win32.Build.0 = Debug|Win32
		{5B9F3616-4BC9-464B-8856-D5642473775E}.Release|Win32.ActiveCfg = Release|Win32
		{5B9F3616-4BC9-464B-8856-D5642473775E}.Release|Win32.Build.0 = Release|Win32
		{A5976A1E-48C0-4A1C-8B28-5027E2181F79}.Debug|Win32.ActiveCfg = Debug|Win32
		{A5976A1E-48C0-4A1C-8B28-5027E2181F79}.Debug|Win32.Build.0 = Debug|Win32
		{A5976A1E-48C0-4A1C-8B28-5027E2181F79}.Release|Win32.ActiveCfg = Release|Win32
		{A5976A1E-48C0-4A1C-8B28-5027E2181F79}.Release|Win32.Build.0 = Release|Win32
		{A7C21648-943E-4C68-BC03-C12D5347B32D}.Debug|Win32.ActiveCfg = Debug|Win32
		{A7C21648-943E-4C68-BC03-C12D5347B32D}.Debug|Win32.Build.0 = Debug|Win32
		{A7C21648-943E-4C68-BC03-C12D5347B32D}.Release|Win32.ActiveCfg = Release|Win32
		{A7C21648-943E-4C68-BC03-C12D5347B32D}.Release|Win32.Build.0 = Release|Win32
		{90956B91-55EA-4744-85E9-3FB8E294D74F}.Debug|Win32.ActiveCfg = Debug|Win32
		{90956B91-55EA-4744-85E9-3FB8E294D74F}.Debug|Win32.Build.0 = Debug|Win32
		{90956B91-55EA-4744-85E9-3FB8E294D74F}.Release|Win32.ActiveCfg = Release|Win32
		{90956B91-55EA-4744-85E9-3FB8E294D74F}.Release|Win32.Build.0 = Release|Win32
		{D94E1201-3C4B-4388-BC4E-447302CA187A}.Debug|Win32.ActiveCfg = Debug|Win32
		{D94E1201-3C4B-4388-BC4E-447302CA187A}.Debug|Win32.Build.0 = Debug|Win32
		{D94E1201-3C4B-4388-BC4E-447302CA187A}.Release|Win32.ActiveCfg = Release|Win32
		{D94E1201-3C4B-4388-BC4E-447302CA187A}.Release|Win32.Build.0 = Release|Win32
		{51633D36-1FAB-4DC3-A93C-9FC1DCD74781}.Debug|Win32.ActiveCfg = Debug|Win32
		{51633D36-1FAB-4DC3-A93C-9FC1DCD74781}.Debug|Win32.Build.0 = Debug|Win32
		{51633D36-1FAB-4DC3-A93C-9FC1DCD74781}.Release|Win32.ActiveCfg = Release|Win32
		{51633D36-1FAB-4DC3-A93C-9FC1DCD74781}.Release|Win32.Build.0 = Release|Win32
		{F8C7A328-618B-4E8B-BCC1-DDC4D359DAA5}.Debug|Win32.ActiveCfg = Debug|Win32
		{F8C7A328-618B-4E8B-BCC1-DDC4D359DAA5}.Debug|Win32.Build.0 = Debug|Win32
		{F8C7A328-618B-4E8B-BCC1-DDC4D359DAA5}.Release|Win32.ActiveCfg = Release|Win32
		{F8C7A328-618B-4E8B-BCC1-DDC4D359DAA5}.Release|Win32.Build.0 = Release|Win32
		{A03DCA2B-9EFD-44D5-A260-816D2DE2F35F}.Debug|Win32.ActiveCfg = Debug|Win32
		{A03DCA2B-9EFD-44D5-A260-816D2DE2F35F}.Debug|Win32.Build.0 = Debug|Win32
		{A03DCA2B-9EFD-44D5-A260-816D2DE2F35F}.Release|Win32.ActiveCfg = Release|Win32
		{A03DCA2B-9EFD-44D5-A260-816D2DE2F35F}.Release|Win32.Build.0 = Release|Win32
		{68291346-35FB-4E98-A4C5-5A0216C18D77}.Debug|Win32.ActiveCfg = Debug|Win32
		{68291346-35FB-4E98-A4C5-5A0216C18D77}.Debug|Win32.Build.0 = Debug|Win32
		{68291346-35FB-4E98-A4C5-5A0216C18D77}.Release|Win32.ActiveCfg = Release|Win32
		{68291346-35FB-4E98-A4C5-5A0216C18D77}.Release|Win32.Build.0 = Release|Win32
		{707C3C76-5258-4FC7-99FB-4DBFCABD8088}.Debug|Win32.ActiveCfg = Debug|Win32
		{707C3C76-5258-4FC7-99FB-4DBFCABD8088}.Debug|Win32.Build.0 = Debug|Win32
		{707C3C76-5258-4FC7-99FB-4DBFCABD8088}.Release|Win32.ActiveCfg = Release|Win32
		{707C3C76-5258-4FC7-99FB-4DBFCABD8088}.Release|Win32.Build.0 = Release|Win32
		{5CEDC82A-F936-4F38-A165-8B55CF97E355}.Debug|Win32.ActiveCfg = Debug|Win32
		{5CEDC82A-F936-4F38-A165-8B55CF97E355}.Debug|Win32.Build.0 = Debug|Win32
		{5CEDC82A-F936-4F38-A165-8B55CF97E355}.Release|Win32.ActiveCfg = Release|Win32
		{5CEDC82A-F936-4F38-A165-8B55CF97E355}.Release|Win32.Build.0 = Release|Win32
		{8FAE4C7F-D74F-4E8B-8485-6F5B91D18779}.Debug|Win32.ActiveCfg = Debug|Win32
		{8FAE4C7F-D74F-4E8B-8485-6F5B91D18779}.Debug|Win32.Build.0 = Debug|Win32
		{8FAE4C7F-D74F-4E8B-8485-6F5B91D18779}.Release|Win32.ActiveCfg = Release|Win32
		{8FAE4C7F-D74F-4E8B-8485-6F5B91D18779}.Release|Win32.Build.0 = Release|Win32
		{85EE91D4-3952-454B-9B37-934B45F714F8}.Debug|Win32.ActiveCfg = Debug|Win32
		{85EE91D4-3952-454B-9B37-934B45F714F8}.Debug|Win32.Build.0 = Debug|Win32
		{85EE91D4-3952-454B-9B37-934B45F714F8}.Release|Win32.ActiveCfg = Release|Win32
		{85EE91D4-3952-454B-9B37-934B45F714F8}.Release|Win32.Build.0 = Release|Win32
		{30C34D5A-5519-45B3-AD95-1E67F2D29D99}.Debug|Win32.ActiveCfg = Debug|Win32
		{30C34D5A-5519-45B3-AD95-1E67F2D29D99}.Debug|Win32.Build.0 = Debug|Win32
		{30C34D5A-5519-45B3-AD95-1E67F2D29D99}.Release|Win32.ActiveCfg = Release|Win32
		{30C34D5A-5519-45B3-AD95-1E67F2D29D99}.Release|Win32.Build.0 = Release|Win32
		{922B8A37-C014-4118-A0C4-46D6191D583A}.Debug|Win32.ActiveCfg = Debug|Win32
		{922B8A37-C014-4118-A0C4-46D6191D583A}.Debug|Win32.Build.0 = Debug|Win32
		{922B8A37-C014-4118-A0C4-46D6191D583A}.Release|Win32.ActiveCfg = Release|Win32
		{922B8A37-C014-4118-A0C4-46D6191D583A}.Release|Win32.Build.0 = Release|Win32
		{F9FBA739-6520-4C11-978B-7A3DC0584003}.Debug|Win32.ActiveCfg = Debug|Win32
		{F9FBA739-6520-4C11-978B-7A3DC0584003}.Debug|Win32.Build.0 = Debug|Win32
		{F9FBA739-6520-4C11-978B-7A3DC0584003}.Release|Win32.ActiveCfg = Release|Win32
		{F9FBA739-6520-4C11-978B-7A3DC0584003}.Release|Win32.Build.0 = Release|Win32
		{50A3DA09-524B-4053-A1BA-8B81CC7EC38A}.Debug|Win32.ActiveCfg = Debug|Win32
		{50A3DA09-524B-4053-A1BA-8B81CC7EC38A}.Debug|Win32.Build.0 = Debug|Win32
		{50A3DA09-524B-4053-A1BA-8B81CC7EC38A}.Release|Win32.ActiveCfg = Release|Win32
		{50A3DA09-524B-4053-A1BA-8B81CC7EC38A}.Release|Win32.Build.0 = Release|Win32
		{6B20058E-CB5E-44E3-903A-0209354ED06D}.Debug|Win32.ActiveCfg = Debug|Win32
		{6B20058E-CB5E-44E3-903A-0209354ED06D}.Debug|Win32.Build.0 = Debug|Win32
		{6B20058E-CB5E-44E3-903A-0209354ED06D}.Release|Win32.ActiveCfg = Release|Win32
		{6B20058E-CB5E-44E3-903A-0209354ED06D}.Release|Win32.Build.0 = Release|Win32
		{A0C5009E-CF45-4885-9CC2-769872196FFB}.Debug|Win32.ActiveCfg = Debug|Win32
		{A0C5009E-CF45-4885-9CC2-769872196FFB}.Debug|Win32.Build.0 = Debug|Win32
		{A0C5009E-CF45-4885-9CC2-769872196FFB}.Release|Win32.ActiveCfg = Release|Win32
		{A0C5009E-CF45-4885-9CC2-769872196FFB}.Release|Win32.Build.0 = Release|Win32
		{19E89790-C164-430A-80BE-73FB3A2B07D0}.Debug|Win32.ActiveCfg = Debug|Win32
		{19E89790-C164-430A-80BE-73FB3A2B07D0}.Debug|Win32.Build.0 = Debug|Win32
		{19E89790-C164-430A-80BE-73FB3A2B07D0}.Release|Win32.ActiveCfg = Release|Win32
		{19E89790-C164-430A-80BE-73FB3A2B07D0}.Release|Win32.Build.0 = Release|Win32
		{364D6DDE-4DBE-4507-BCF0-373ECADBDFB1}.Debug|Win32.ActiveCfg = Debug|Win32
		{364D6DDE-4DBE-4507-BCF0-373ECADBDFB1}.Debug|Win32.Build.0 = Debug|Win32
		{364D6DDE-4DBE-4507-BCF0-373ECADBDFB1}.Release|Win32.ActiveCfg = Release|Win32
		{364D6DDE-4DBE-4507-BCF0-373ECADBDFB1}.Release|Win32.Build.0 = Release|Win32
		{5CA753B0-1386-4EDB-AF9A-3E6EE3DD9D5C}.Debug|Win32.ActiveCfg = Debug|Win32
		{5CA753B0-1386-4EDB-AF9A-3E6EE3DD9D5C}.Debug|Win32.Build.0 = Debug|Win32
		{5CA753B0-1386-4EDB-AF9A-3E6EE3DD9D5C}.Release|Win32.ActiveCfg = Release|Win32
		{5CA753B0-1386-4EDB-AF9A-3E6EE3DD9D5C}.Release|Win32.Build.0 = Release|Win32
		{B84545D1-5ADA-4707-97AB-F453C39BB9A2}.Debug|Win32.ActiveCfg = Debug|Win32
		{B84545D1-5ADA-4707-97AB-F453C39BB9A2}.Debug|Win32.Build.0 = Debug|Win32
		{B84545D1-5ADA-4707-97AB-F453C39BB9A2}.Release|Win32.ActiveCfg = Release|Win32
		{B84545D1-5ADA-4707-97AB-F453C39BB9A2}.Release|Win32.Build.0 = Release|Win32
		{A2E59BFF-1CBF-4521-AFC7-3B1406333748}.Debug|Win32.ActiveCfg = Debug|Win32
		{A2E59BFF-1CBF-4521-AFC7-3B1406333748}.Debug|Win32.Build.0 = Debug|Win32
		{A2E59BFF-1CBF-4521-AFC7-3B1406333748}.Release|Win32.ActiveCfg = Release|Win32
		{A2E59BFF-1CBF-4521-AFC7-3B1406333748}.Release|Win32.Build.0 = Release|Win32
		{6355C006-15B9-47A0-B904-02E106816B41}.Debug|Win32.ActiveCfg = Debug|Win32
		{6355C006-15B9-47A0-B904-02E106816B41}.Debug|Win32.Build.0 = Debug|Win32
		{6355C006-15B9-47A0-B904-02E106816B41}.Release|Win32.ActiveCfg = Release|Win32
		{6355C006-15B9-47A0-B904-02E106816B41}.Release|Win32.Build.0 = Release|Win32
		{BB835D7D-796C-4D97-A425-1D57DE5AB0C5}.Debug|Win32.ActiveCfg = Debug|Win32
		{BB835D7D-796C-4D97-A425-1D57DE5AB0C5}.Debug|Win32.Build.0 = Debug|Win32
		{BB835D7D-796C-4D97-A425-1D57DE5AB0C5}.Release|Win32.ActiveCfg = Release|Win32
		{BB835D7D-796C-4D97-A425-1D57DE5AB0C5}.Release|Win32.Build.0 = Release|Win32
		{6A778955-838D-4514-9BCC-2A9A940D2C87}.Debug|Win32.ActiveCfg = Debug|Win32
		{6A778955-838D-4514-9BCC-2A9A940D2C87}.Debug|Win32.Build.0 = Debug|Win32
		{6A778955-838D-4514-9BCC-2A9A940D2C87}.Release|Win32.ActiveCfg = Release|Win32
		{6A778955-838D-4514-9BCC-2A9A940D2C87}.Release|Win32.Build.0 = Release|Win32
		{D18CD428-EBF7-451E-A313-6B936D01D7A5}.Debug|Win32.ActiveCfg = Debug|Win32
		{D18CD428-EBF7-451E-A313-6B936D01D7A5}.Debug|Win32.Build.0 = Debug|Win32
		{D18CD428-EBF7-451E-A313-6B936D01D7A5}.Release|Win32.ActiveCfg = Release|Win32
		{D18CD428-EBF7-451E-A313-6B936D01D7A5}.Release|Win32.Build.0 = Release|Win32
		{B68FA8AB-EAAE-498F-AF38-71BC01A16244}.Debug|Win32.ActiveCfg = Debug|Win32
		{B68FA8AB-EAAE-498F-AF38-71BC01A16244}.Debug|Win32.Build.0 = Debug|Win32
		{B68FA8AB-EAAE-498F-AF38-71BC01A16244}.Release|Win32.ActiveCfg = Release|Win32
		{B68FA8AB-EAAE-498F-AF38-71BC01A16244}.Release|Win32.Build.0 = Release|Win32
		{02DBA526-BBDF-4E29-930B-E7ABEE03CE5B}.Debug|Win32.ActiveCfg = Debug|Win32
		{02DBA526-BBDF-4E29-930B-E7ABEE03CE5B}.Debug|Win32.Build.0 = Debug|Win32
		{02DBA526-BBDF-4E29-930B-E7ABEE03CE5B}.Release|Win32.ActiveCfg = Release|Win32
		{02DBA526-BBDF-4E29-930B-E7ABEE03CE5B}.Release|Win32.Build.0 = Release|Win32
		{66B11DFD-71FE-40B1-AF91-73A522E27317}.Debug|Win32.ActiveCfg = Debug|Win32
		{66B11DFD-71FE-40B1-AF91-73A522E27317}.Debug|Win32.Build.0 = Debug|Win32
		{66B11DFD-71FE-40B1-AF91-73A522E27317}.Release|Win32.ActiveCfg = Release|Win32
		{66B11DFD-71FE-40B1-AF91-73A522E27317}.Release|Win32.Build.0 = Release|Win32
		{7BAFB53F-0659-4E5B-A83C-D2AFDB1BA5B0}.Debug|Win32.ActiveCfg = Debug|Win32
		{7BAFB53F-0659-4E5B-A83C-D2AFDB1BA5B0}.Debug|Win32.Build.0 = Debug|Win32
		{7BAFB53F-0659-4E5B-A83C-D2AFDB1BA5B0}.Release|Win32.ActiveCfg = Release|Win32
		{7BAFB53F-0659-4E5B-A83C-D2AFDB1BA5B0}.Release|Win32.Build.0 = Release|Win32
		{F9934932-C759-4180-AE01-F3AD9F9E0A95}.Debug|Win32.ActiveCfg = Debug|Win32
		{F9934932-C759-4180-AE01-F3AD9F9E0A95}.Debug|Win32.Build.0 = Debug|Win32
		{F9934932-C759-4180-AE01-F3AD9F9E0A95}.Release|Win32.ActiveCfg = Release|Win32
		{F9934932-C759-4180-AE01-F3AD9F9E0A95}.Release|Win32.Build.0 = Release|Win32
		{026A6A3A-E6E3-4684-85F2-5F4984B08720}.Debug|Win32.ActiveCfg = Debug|Win32
		{026A6A3A-E6E3-4684-85F2-5F4984B08720}.Debug|Win32.Build.0 = Debug|Win32
		{026A6A3A-E6E3-4684-85F2-5F4984B08720}.Release|Win32.ActiveCfg = Release|Win32
		{026A6A3A-E6E3-4684-85F2-5F4984B08720}.Release|Win32.Build.0 = Release|Win32
		{D20C772B-5E7C-482E-918C-DE29A3C1FC8E}.Debug|Win32.ActiveCfg = Debug|Win32
		{D20C772B-5E7C-482E-918C-DE29A3C1FC8E}.Debug|Win32.Build.0 = Debug|Win32
		{D20C772B-5E7C-482E-918C-DE29A3C1FC8E}.Release|Win32.ActiveCfg = Release|Win32
		{D20C772B-5E7C-482E-918C-DE29A3C1FC8E}.Release|Win32.Build.0 = Release|Win32
		{19599055-8FAD-40ED-8B94-006F6FBE4FC7}.Debug|Win32.ActiveCfg = Debug|Win32
		{19599055-8FAD-40ED-8B94-006F6FBE4FC7}.Debug|Win32.Build.0 = Debug|Win32
		{19599055-8FAD-40ED-8B94-006F6FBE4FC7}.Release|Win32.ActiveCfg = Release|Win32
		{19599055-8FAD-40ED-8B94-006F6FBE4FC7}.Release|Win32.Build.0 = Release|Win32
		{35BF126D-9B6B-4983-82BA-9804F4EB8CD9}.Debug|Win32.ActiveCfg = Debug|Win32
		{35BF126D-9B6B-4983-82BA-9804F4EB8CD9}.Debug|Win32.Build.0 = Debug|Win32
		{35BF126D-9B6B-4983-82BA-9804F4EB8CD9}.Release|Win32.ActiveCfg = Release|Win32
		{35BF126D-9B6B-4983-82BA-9804F4EB8CD9}.Release|Win32.Build.0 = Release|Win32
		{43B762CE-C067-4834-9008-1923D37A50D3}.Debug|Win32.ActiveCfg = Debug|Win32
		{43B762CE-C067-4834-9008-1923D37A50D3}.Debug|Win32.Build.0 = Debug|Win32
		{43B762CE-C067-4834-9008-1923D37A50D3}.Release|Win32.ActiveCfg = Release|Win32
		{43B762CE-C067-4834-9008-1923D37A50D3}.Release|Win32.Build.0 = Release|Win32
		{C92D616E-A3E6-42A9-A4C0-C6900576C066}.Debug|Win32.ActiveCfg = Debug|Win32
		{C92D616E-A3E6-42A9-A4C0-C6900576C066}.Debug|Win32.Build.0 = Debug|Win32
		{C92D616E-A3E6-42A9-A4C0-C6900576C066}.Release|Win32.ActiveCfg = Release|Win32
		{C92D616E-A3E6-42A9-A4C0-C6900576C066}.Release|Win32.Build.0 = Release|Win32
		{66C5BDC2-EC0B-4A2E-A087-9A425B44A394}.Debug|Win32.ActiveCfg = Debug|Win32
		{66C5BDC2-EC0B-4A2E-A087-9A425B44A394}.Debug|Win32.Build.0 = Debug|Win32
		{66C5BDC2-EC0B-4A2E-A087-9A425B44A394}.Release|Win32.ActiveCfg = Release|Win32
		{66C5BDC2-EC0B-4A2E-A087-9A425B44A394}.Release|Win32.Build.0 = Release|Win32
		{91127CAA-7CAC-45F8-8271-FC6B96DAEE7A}.Debug|Win32.ActiveCfg = Debug|Win32
		{91127CAA-7CAC-45F8-8271-FC6B96DAEE7A}.Debug|Win32.Build.0 = Debug|Win32
		{91127CAA-7CAC-45F8-8271-FC6B96DAEE7A}.Release|Win32.ActiveCfg = Release|Win32
		{91127CAA-7CAC-45F8-8271-FC6B96DAEE7A}.Release|Win32.Build.0 = Release|Win32
		{4A6444A2-84DF-4292-9544-64298FFBD878}.Debug|Win32.ActiveCfg = Debug|Win32
		{4A6444A2-84DF-4292-9544-64298FFBD878}.Debug|Win32.Build.0 = Debug|Win32
		{4A6444A2-84DF-4292-9544-64298FFBD878}.Release|Win32.ActiveCfg = Release|Win32
		{4A6444A2-84DF-4292-9544-64298FFBD878}.Release|Win32.Build.0 = Release|Win32
		{9A5AB922-DE99-4A5C-895F-BDFCF38AA5C7}.Debug|Win32.ActiveCfg = Debug|Win32
		{9A5AB922-DE99-4A5C-895F-BDFCF38AA5C7}.Debug|Win32.Build.0 = Debug|Win32
		{9A5AB922-DE99-4A5C-895F-BDFCF38AA5C7}.Release|Win32.ActiveCfg = Release|Win32
		{9A5AB922-DE99-4A5C-895F-BDFCF38AA5C7}.Release|Win32.Build.0 = Release|Win32
		{931EA7B1-33C2-4F64-B93D-A21917E207D1}.Debug|Win32.ActiveCfg = Debug|Win32
		{931EA7B1-33C2-4F64-B93D-A21917E207D1}.Debug|Win32.Build.0 = Debug|Win32
		{931EA7B1-33C2-4F64-B93D-A21917E207D1}.Release|Win32.ActiveCfg = Release|Win32
		{931EA7B1-33C2-4F64-B93D-A21917E207D1}.Release|Win32.Build.0 = Release|Win32
		{D5B4CDB1-F7E9-4269-B378-07F9C00C179D}.Debug|Win32.ActiveCfg = Debug|Win32
		{D5B4CDB1-F7E9-4269-B378-07F9C00C179D}.Debug|Win32.Build.0 = Debug|Win32
		{D5B4CDB1-F7E9-4269-B378-07F9C00C179D}.Release|Win32.ActiveCfg = Release|Win32
		{D5B4CDB1-F7E9-4269-B378-07F9C00C179D}.Release|Win32.Build.0 = Release|Win32
		{C94558D9-7A10-44DE-84F6-313758AA2955}.Debug|Win32.ActiveCfg = Debug|Win32
		{C94558D9-7A10-44DE-84F6-313758AA2955}.Debug|Win32.Build.0 = Debug|Win32
		{C94558D9-7A10-44DE-84F6-313758AA2955}.Release|Win32.ActiveCfg = Release|Win32
		{C94558D9-7A10-44DE-84F6-313758AA2955}.Release|Win32.Build.0 = Release|Win32
		{24799A48-0F98-483C-BB41-E13D96BA55F0}.Debug|Win32.ActiveCfg = Debug|Win32
		{24799A48-0F98-483C-BB41-E13D96BA55F0}.Debug|Win32.Build.0 = Debug|Win32
		{24799A48-0F98-483C-BB41-E13D96BA55F0}.Release|Win32.ActiveCfg = Release|Win32
		{24799A48-0F98-483C-BB41-E13D96BA55F0}.Release|Win32.Build.0 = Release|Win32
		{C7169DE2-3A44-4837-910A-313D0EB9E3B9}.Debug|Win32.ActiveCfg = Debug|Win32
		{C7169DE2-3A44-4837-910A-313D0EB9E3B9}.Debug|Win32.Build.0 = Debug|Win32
		{C7169DE2-3A44-4837-910A-313D0EB9E3B9}.Release|Win32.ActiveCfg = Release|Win32
		{C7169DE2-3A44-4837-910A-313D0EB9E3B9}.Release|Win32.Build.0 = Release|Win32
		{F1E59C02-BAB7-4F40-8210-36B0D7A4F82C}.Debug|Win32.ActiveCfg = Debug|Win32
		{F1E59C02-BAB7-4F40-8210-36B0D7A4F82C}.Debug|Win32.Build.0 = Debug|Win32
		{F1E59C02-BAB7-4F40-8210-36B0D7A4F82C}.Release|Win32.ActiveCfg = Release|Win32
		{F1E59C02-BAB7-4F40-8210-36B0D7A4F82C}.Release|Win32.Build.0 = Release|Win32
	EndGlobalSection
	GlobalSection(SolutionProperties) = preSolution
		HideSolutionNode = FALSE
	EndGlobalSection
EndGlobal
