
Microsoft Visual Studio Solution File, Format Version 10.00
# Visual C++ Express 2008
Project("{8BC9CEB8-8B4A-11D0-8D11-00A0C91BC942}") = "prob45", "prob45\prob45.vcproj", "{02DBEC5F-6658-403E-B515-E6AFC81DAABE}"
EndProject
Global
	GlobalSection(SolutionConfigurationPlatforms) = preSolution
		Debug|Win32 = Debug|Win32
		Release|Win32 = Release|Win32
	EndGlobalSection
	GlobalSection(ProjectConfigurationPlatforms) = postSolution
		{02DBEC5F-6658-403E-B515-E6AFC81DAABE}.Debug|Win32.ActiveCfg = Debug|Win32
		{02DBEC5F-6658-403E-B515-E6AFC81DAABE}.Debug|Win32.Build.0 = Debug|Win32
		{02DBEC5F-6658-403E-B515-E6AFC81DAABE}.Release|Win32.ActiveCfg = Release|Win32
		{02DBEC5F-6658-403E-B515-E6AFC81DAABE}.Release|Win32.Build.0 = Release|Win32
	EndGlobalSection
	GlobalSection(SolutionProperties) = preSolution
		HideSolutionNode = FALSE
	EndGlobalSection
EndGlobal
