
Microsoft Visual Studio Solution File, Format Version 10.00
# Visual C++ Express 2008
Project("{8BC9CEB8-8B4A-11D0-8D11-00A0C91BC942}") = "prob46", "prob46\prob46.vcproj", "{DDA42305-7ADD-460C-BA67-494B244214D6}"
EndProject
Global
	GlobalSection(SolutionConfigurationPlatforms) = preSolution
		Debug|Win32 = Debug|Win32
		Release|Win32 = Release|Win32
	EndGlobalSection
	GlobalSection(ProjectConfigurationPlatforms) = postSolution
		{DDA42305-7ADD-460C-BA67-494B244214D6}.Debug|Win32.ActiveCfg = Debug|Win32
		{DDA42305-7ADD-460C-BA67-494B244214D6}.Debug|Win32.Build.0 = Debug|Win32
		{DDA42305-7ADD-460C-BA67-494B244214D6}.Release|Win32.ActiveCfg = Release|Win32
		{DDA42305-7ADD-460C-BA67-494B244214D6}.Release|Win32.Build.0 = Release|Win32
	EndGlobalSection
	GlobalSection(SolutionProperties) = preSolution
		HideSolutionNode = FALSE
	EndGlobalSection
EndGlobal
