
Microsoft Visual Studio Solution File, Format Version 10.00
# Visual C++ Express 2008
Project("{8BC9CEB8-8B4A-11D0-8D11-00A0C91BC942}") = "prob60", "prob60\prob60.vcproj", "{5F853B61-8ADA-4A9F-A516-635D170FCBDE}"
EndProject
Global
	GlobalSection(SolutionConfigurationPlatforms) = preSolution
		Debug|Win32 = Debug|Win32
		Release|Win32 = Release|Win32
	EndGlobalSection
	GlobalSection(ProjectConfigurationPlatforms) = postSolution
		{5F853B61-8ADA-4A9F-A516-635D170FCBDE}.Debug|Win32.ActiveCfg = Debug|Win32
		{5F853B61-8ADA-4A9F-A516-635D170FCBDE}.Debug|Win32.Build.0 = Debug|Win32
		{5F853B61-8ADA-4A9F-A516-635D170FCBDE}.Release|Win32.ActiveCfg = Release|Win32
		{5F853B61-8ADA-4A9F-A516-635D170FCBDE}.Release|Win32.Build.0 = Release|Win32
	EndGlobalSection
	GlobalSection(SolutionProperties) = preSolution
		HideSolutionNode = FALSE
	EndGlobalSection
EndGlobal
