
Microsoft Visual Studio Solution File, Format Version 10.00
# Visual C++ Express 2008
Project("{8BC9CEB8-8B4A-11D0-8D11-00A0C91BC942}") = "prob15", "prob15\prob15.vcproj", "{950C6A92-F20C-47CF-9CE1-2346D0090F3A}"
EndProject
Global
	GlobalSection(SolutionConfigurationPlatforms) = preSolution
		Debug|Win32 = Debug|Win32
		Release|Win32 = Release|Win32
	EndGlobalSection
	GlobalSection(ProjectConfigurationPlatforms) = postSolution
		{950C6A92-F20C-47CF-9CE1-2346D0090F3A}.Debug|Win32.ActiveCfg = Debug|Win32
		{950C6A92-F20C-47CF-9CE1-2346D0090F3A}.Debug|Win32.Build.0 = Debug|Win32
		{950C6A92-F20C-47CF-9CE1-2346D0090F3A}.Release|Win32.ActiveCfg = Release|Win32
		{950C6A92-F20C-47CF-9CE1-2346D0090F3A}.Release|Win32.Build.0 = Release|Win32
	EndGlobalSection
	GlobalSection(SolutionProperties) = preSolution
		HideSolutionNode = FALSE
	EndGlobalSection
EndGlobal
