
Microsoft Visual Studio Solution File, Format Version 10.00
# Visual C++ Express 2008
Project("{8BC9CEB8-8B4A-11D0-8D11-00A0C91BC942}") = "prob49", "prob49\prob49.vcproj", "{FBA00DE9-804C-4B64-8ED9-E07DF79BB44D}"
EndProject
Global
	GlobalSection(SolutionConfigurationPlatforms) = preSolution
		Debug|Win32 = Debug|Win32
		Release|Win32 = Release|Win32
	EndGlobalSection
	GlobalSection(ProjectConfigurationPlatforms) = postSolution
		{FBA00DE9-804C-4B64-8ED9-E07DF79BB44D}.Debug|Win32.ActiveCfg = Debug|Win32
		{FBA00DE9-804C-4B64-8ED9-E07DF79BB44D}.Debug|Win32.Build.0 = Debug|Win32
		{FBA00DE9-804C-4B64-8ED9-E07DF79BB44D}.Release|Win32.ActiveCfg = Release|Win32
		{FBA00DE9-804C-4B64-8ED9-E07DF79BB44D}.Release|Win32.Build.0 = Release|Win32
	EndGlobalSection
	GlobalSection(SolutionProperties) = preSolution
		HideSolutionNode = FALSE
	EndGlobalSection
EndGlobal
