
Microsoft Visual Studio Solution File, Format Version 12.00
# Visual Studio 2013
VisualStudioVersion = 12.0.31101.0
MinimumVisualStudioVersion = 10.0.40219.1
Project("{8BC9CEB8-8B4A-11D0-8D11-00A0C91BC942}") = "prob1", "prob1\prob1.vcxproj", "{908168EB-9410-4A21-ADF1-C7C71B87E161}"
EndProject
Project("{8BC9CEB8-8B4A-11D0-8D11-00A0C91BC942}") = "prob4", "prob4\prob4.vcxproj", "{D5DABC22-7A43-4AD1-8E8F-F7288BB1A7C1}"
EndProject
Project("{8BC9CEB8-8B4A-11D0-8D11-00A0C91BC942}") = "prob3", "prob3\prob3.vcxproj", "{4A2DDC49-06B2-4608-B4D4-1B681C5531CF}"
EndProject
Project("{8BC9CEB8-8B4A-11D0-8D11-00A0C91BC942}") = "prob5", "prob5\prob5.vcxproj", "{233CF75E-DD24-4A07-9AB9-F96E681BF1DE}"
EndProject
Project("{8BC9CEB8-8B4A-11D0-8D11-00A0C91BC942}") = "prob6", "prob6\prob6.vcxproj", "{70210720-1783-465B-8A6E-5D6966F711F8}"
EndProject
Project("{8BC9CEB8-8B4A-11D0-8D11-00A0C91BC942}") = "prob7", "prob7\prob7.vcxproj", "{07D89AAF-6E02-4E0A-B88E-0CFBED38D164}"
EndProject
Project("{8BC9CEB8-8B4A-11D0-8D11-00A0C91BC942}") = "prob8", "prob8\prob8.vcxproj", "{C334F19E-AE7F-4E47-9241-62ADB48B961B}"
EndProject
Project("{8BC9CEB8-8B4A-11D0-8D11-00A0C91BC942}") = "prob11", "prob11\prob11.vcxproj", "{F0A47151-F4AB-4F23-A6A3-5942C6A8F9B1}"
EndProject
Project("{8BC9CEB8-8B4A-11D0-8D11-00A0C91BC942}") = "prob12", "prob12\prob12.vcxproj", "{753CC847-DE8C-4E81-8B1C-4B966096CEED}"
EndProject
Project("{8BC9CEB8-8B4A-11D0-8D11-00A0C91BC942}") = "prob13", "prob13\prob13.vcxproj", "{2B355952-4639-466F-899D-96CAF1083B15}"
EndProject
Project("{8BC9CEB8-8B4A-11D0-8D11-00A0C91BC942}") = "prob10", "prob10\prob10.vcxproj", "{09ADC10A-0AF6-49F1-8839-E398C734939C}"
EndProject
Project("{8BC9CEB8-8B4A-11D0-8D11-00A0C91BC942}") = "prob14", "prob14\prob14.vcxproj", "{AB4DAE48-A046-44CC-BE01-B4FD93AF45B1}"
EndProject
Project("{8BC9CEB8-8B4A-11D0-8D11-00A0C91BC942}") = "prob20", "prob20\prob20.vcxproj", "{C0A9AFF2-25CD-4044-8046-3F81B51D410D}"
EndProject
Project("{8BC9CEB8-8B4A-11D0-8D11-00A0C91BC942}") = "prob21", "prob21\prob21.vcxproj", "{B4FAFA02-62D1-433A-8020-16FD49B15EE9}"
EndProject
Project("{8BC9CEB8-8B4A-11D0-8D11-00A0C91BC942}") = "prob15", "prob15\prob15.vcxproj", "{8BCD6E50-99DA-4804-8E00-A8ECFF2D3714}"
EndProject
Project("{8BC9CEB8-8B4A-11D0-8D11-00A0C91BC942}") = "prob16", "prob16\prob16.vcxproj", "{2F341913-194E-44E2-A4DD-ECFA23B2AC36}"
EndProject
Project("{8BC9CEB8-8B4A-11D0-8D11-00A0C91BC942}") = "prob18", "prob18\prob18.vcxproj", "{D4F1A308-7A0A-4E26-BABD-EA413B919E9E}"
EndProject
Project("{8BC9CEB8-8B4A-11D0-8D11-00A0C91BC942}") = "prob23", "prob23\prob23.vcxproj", "{29C4431E-D2D7-4C43-A8D8-CA4AAA9DFD74}"
EndProject
Project("{8BC9CEB8-8B4A-11D0-8D11-00A0C91BC942}") = "prob24", "prob24\prob24.vcxproj", "{CF604C44-3CE0-436F-8986-05B5E5FFA81B}"
EndProject
Project("{8BC9CEB8-8B4A-11D0-8D11-00A0C91BC942}") = "prob27", "prob27\prob27.vcxproj", "{B7F13FFD-29C5-4B1A-8482-52F0BE08808F}"
EndProject
Project("{8BC9CEB8-8B4A-11D0-8D11-00A0C91BC942}") = "prob29", "prob29\prob29.vcxproj", "{3F341928-82D0-449A-A139-A19F8AF4259B}"
EndProject
Project("{8BC9CEB8-8B4A-11D0-8D11-00A0C91BC942}") = "prob31", "prob31\prob31.vcxproj", "{770DE8C4-6B01-412E-B61E-0DCC4EC930F4}"
EndProject
Project("{8BC9CEB8-8B4A-11D0-8D11-00A0C91BC942}") = "prob33", "prob33\prob33.vcxproj", "{58820C10-17D2-4900-AD71-D74AD7E67C54}"
EndProject
Project("{8BC9CEB8-8B4A-11D0-8D11-00A0C91BC942}") = "prob22", "prob22\prob22.vcxproj", "{B5840D6B-7324-47E1-953B-8661E6BD7960}"
EndProject
Project("{8BC9CEB8-8B4A-11D0-8D11-00A0C91BC942}") = "prob39", "prob39\prob39.vcxproj", "{B95292DE-3CC7-403F-A13A-20368C683379}"
EndProject
Project("{8BC9CEB8-8B4A-11D0-8D11-00A0C91BC942}") = "prob50", "prob50\prob50.vcxproj", "{A482A19D-4325-44FA-BC53-B38FBD2058F6}"
EndProject
Project("{8BC9CEB8-8B4A-11D0-8D11-00A0C91BC942}") = "Practice", "..\Practice\Practice\Practice.vcxproj", "{C110AC4C-A659-4C44-954B-57DC06C09D15}"
EndProject
Project("{8BC9CEB8-8B4A-11D0-8D11-00A0C91BC942}") = "prob52", "prob52\prob52.vcxproj", "{092EBBDE-31C1-4454-9361-A43F2B56241B}"
EndProject
Project("{8BC9CEB8-8B4A-11D0-8D11-00A0C91BC942}") = "prob54", "prob54\prob54.vcxproj", "{B15CE779-5C0E-4702-926E-637EE3438742}"
EndProject
Project("{8BC9CEB8-8B4A-11D0-8D11-00A0C91BC942}") = "prob58", "prob58\prob58.vcxproj", "{54174A1A-E286-4EF5-BD72-4E4B29CAC152}"
EndProject
Project("{8BC9CEB8-8B4A-11D0-8D11-00A0C91BC942}") = "prob61", "prob61\prob61.vcxproj", "{31848AFF-43C3-4C9B-839E-274665227352}"
EndProject
Project("{8BC9CEB8-8B4A-11D0-8D11-00A0C91BC942}") = "prob63", "prob63\prob63.vcxproj", "{9386139A-94F4-44CC-99E4-206E96CE2224}"
EndProject
Project("{8BC9CEB8-8B4A-11D0-8D11-00A0C91BC942}") = "prob65", "prob65\prob65.vcxproj", "{5F71EDC8-EB31-44D0-A7CE-AA89FF213DCD}"
EndProject
Project("{8BC9CEB8-8B4A-11D0-8D11-00A0C91BC942}") = "prob70", "prob70\prob70.vcxproj", "{23937016-648A-495E-91E5-2E43176DAD01}"
EndProject
Project("{8BC9CEB8-8B4A-11D0-8D11-00A0C91BC942}") = "prob71", "prob71\prob71.vcxproj", "{42880371-1BC8-4E27-903A-3A7A8037ABDC}"
EndProject
Project("{8BC9CEB8-8B4A-11D0-8D11-00A0C91BC942}") = "prob74", "prob74\prob74.vcxproj", "{DEF92D1A-E2E6-49E9-9695-12E8F3038D9D}"
EndProject
Project("{8BC9CEB8-8B4A-11D0-8D11-00A0C91BC942}") = "prob75", "prob75\prob75.vcxproj", "{7D4BF973-F6C1-4787-B52C-713AB2A8FFFA}"
EndProject
Project("{8BC9CEB8-8B4A-11D0-8D11-00A0C91BC942}") = "prob76", "prob76\prob76.vcxproj", "{A1F81A84-1F1F-483E-9B22-C0A74407C2F7}"
EndProject
Project("{8BC9CEB8-8B4A-11D0-8D11-00A0C91BC942}") = "prob72", "prob72\prob72.vcxproj", "{4D02EBBA-D168-4302-8D56-279A4806CB01}"
EndProject
Project("{8BC9CEB8-8B4A-11D0-8D11-00A0C91BC942}") = "prob73", "prob73\prob73.vcxproj", "{AF1EDECC-C012-48C1-8FD8-7D8B491FF107}"
EndProject
Project("{8BC9CEB8-8B4A-11D0-8D11-00A0C91BC942}") = "prob79", "prob79\prob79.vcxproj", "{157DDA72-FA1F-4100-892D-B46379BF84D1}"
EndProject
Project("{8BC9CEB8-8B4A-11D0-8D11-00A0C91BC942}") = "prob82", "prob82\prob82.vcxproj", "{995964C5-EDC4-4AAE-8922-C71845EEE108}"
EndProject
Project("{8BC9CEB8-8B4A-11D0-8D11-00A0C91BC942}") = "prob83", "prob83\prob83.vcxproj", "{36325E25-3052-42B7-ACF7-FCCD9D1FE07A}"
EndProject
Project("{8BC9CEB8-8B4A-11D0-8D11-00A0C91BC942}") = "prob85", "prob85\prob85.vcxproj", "{B02421BA-9B55-43CC-BEF7-4230E531BA23}"
EndProject
Project("{8BC9CEB8-8B4A-11D0-8D11-00A0C91BC942}") = "prob68", "prob68\prob68.vcxproj", "{558F7743-CB95-47FB-80BA-5467156F0006}"
EndProject
Project("{8BC9CEB8-8B4A-11D0-8D11-00A0C91BC942}") = "prob87", "prob87\prob87.vcxproj", "{17B4B128-F988-4E9B-8B77-EF4EA115E995}"
EndProject
Global
	GlobalSection(SolutionConfigurationPlatforms) = preSolution
		Debug|Win32 = Debug|Win32
		Release|Win32 = Release|Win32
	EndGlobalSection
	GlobalSection(ProjectConfigurationPlatforms) = postSolution
		{908168EB-9410-4A21-ADF1-C7C71B87E161}.Debug|Win32.ActiveCfg = Debug|Win32
		{908168EB-9410-4A21-ADF1-C7C71B87E161}.Debug|Win32.Build.0 = Debug|Win32
		{908168EB-9410-4A21-ADF1-C7C71B87E161}.Release|Win32.ActiveCfg = Release|Win32
		{908168EB-9410-4A21-ADF1-C7C71B87E161}.Release|Win32.Build.0 = Release|Win32
		{D5DABC22-7A43-4AD1-8E8F-F7288BB1A7C1}.Debug|Win32.ActiveCfg = Debug|Win32
		{D5DABC22-7A43-4AD1-8E8F-F7288BB1A7C1}.Debug|Win32.Build.0 = Debug|Win32
		{D5DABC22-7A43-4AD1-8E8F-F7288BB1A7C1}.Release|Win32.ActiveCfg = Release|Win32
		{D5DABC22-7A43-4AD1-8E8F-F7288BB1A7C1}.Release|Win32.Build.0 = Release|Win32
		{4A2DDC49-06B2-4608-B4D4-1B681C5531CF}.Debug|Win32.ActiveCfg = Debug|Win32
		{4A2DDC49-06B2-4608-B4D4-1B681C5531CF}.Debug|Win32.Build.0 = Debug|Win32
		{4A2DDC49-06B2-4608-B4D4-1B681C5531CF}.Release|Win32.ActiveCfg = Release|Win32
		{4A2DDC49-06B2-4608-B4D4-1B681C5531CF}.Release|Win32.Build.0 = Release|Win32
		{233CF75E-DD24-4A07-9AB9-F96E681BF1DE}.Debug|Win32.ActiveCfg = Debug|Win32
		{233CF75E-DD24-4A07-9AB9-F96E681BF1DE}.Debug|Win32.Build.0 = Debug|Win32
		{233CF75E-DD24-4A07-9AB9-F96E681BF1DE}.Release|Win32.ActiveCfg = Release|Win32
		{233CF75E-DD24-4A07-9AB9-F96E681BF1DE}.Release|Win32.Build.0 = Release|Win32
		{70210720-1783-465B-8A6E-5D6966F711F8}.Debug|Win32.ActiveCfg = Debug|Win32
		{70210720-1783-465B-8A6E-5D6966F711F8}.Debug|Win32.Build.0 = Debug|Win32
		{70210720-1783-465B-8A6E-5D6966F711F8}.Release|Win32.ActiveCfg = Release|Win32
		{70210720-1783-465B-8A6E-5D6966F711F8}.Release|Win32.Build.0 = Release|Win32
		{07D89AAF-6E02-4E0A-B88E-0CFBED38D164}.Debug|Win32.ActiveCfg = Debug|Win32
		{07D89AAF-6E02-4E0A-B88E-0CFBED38D164}.Debug|Win32.Build.0 = Debug|Win32
		{07D89AAF-6E02-4E0A-B88E-0CFBED38D164}.Release|Win32.ActiveCfg = Release|Win32
		{07D89AAF-6E02-4E0A-B88E-0CFBED38D164}.Release|Win32.Build.0 = Release|Win32
		{C334F19E-AE7F-4E47-9241-62ADB48B961B}.Debug|Win32.ActiveCfg = Debug|Win32
		{C334F19E-AE7F-4E47-9241-62ADB48B961B}.Debug|Win32.Build.0 = Debug|Win32
		{C334F19E-AE7F-4E47-9241-62ADB48B961B}.Release|Win32.ActiveCfg = Release|Win32
		{C334F19E-AE7F-4E47-9241-62ADB48B961B}.Release|Win32.Build.0 = Release|Win32
		{F0A47151-F4AB-4F23-A6A3-5942C6A8F9B1}.Debug|Win32.ActiveCfg = Debug|Win32
		{F0A47151-F4AB-4F23-A6A3-5942C6A8F9B1}.Debug|Win32.Build.0 = Debug|Win32
		{F0A47151-F4AB-4F23-A6A3-5942C6A8F9B1}.Release|Win32.ActiveCfg = Release|Win32
		{F0A47151-F4AB-4F23-A6A3-5942C6A8F9B1}.Release|Win32.Build.0 = Release|Win32
		{753CC847-DE8C-4E81-8B1C-4B966096CEED}.Debug|Win32.ActiveCfg = Debug|Win32
		{753CC847-DE8C-4E81-8B1C-4B966096CEED}.Debug|Win32.Build.0 = Debug|Win32
		{753CC847-DE8C-4E81-8B1C-4B966096CEED}.Release|Win32.ActiveCfg = Release|Win32
		{753CC847-DE8C-4E81-8B1C-4B966096CEED}.Release|Win32.Build.0 = Release|Win32
		{2B355952-4639-466F-899D-96CAF1083B15}.Debug|Win32.ActiveCfg = Debug|Win32
		{2B355952-4639-466F-899D-96CAF1083B15}.Debug|Win32.Build.0 = Debug|Win32
		{2B355952-4639-466F-899D-96CAF1083B15}.Release|Win32.ActiveCfg = Release|Win32
		{2B355952-4639-466F-899D-96CAF1083B15}.Release|Win32.Build.0 = Release|Win32
		{09ADC10A-0AF6-49F1-8839-E398C734939C}.Debug|Win32.ActiveCfg = Debug|Win32
		{09ADC10A-0AF6-49F1-8839-E398C734939C}.Debug|Win32.Build.0 = Debug|Win32
		{09ADC10A-0AF6-49F1-8839-E398C734939C}.Release|Win32.ActiveCfg = Release|Win32
		{09ADC10A-0AF6-49F1-8839-E398C734939C}.Release|Win32.Build.0 = Release|Win32
		{AB4DAE48-A046-44CC-BE01-B4FD93AF45B1}.Debug|Win32.ActiveCfg = Debug|Win32
		{AB4DAE48-A046-44CC-BE01-B4FD93AF45B1}.Debug|Win32.Build.0 = Debug|Win32
		{AB4DAE48-A046-44CC-BE01-B4FD93AF45B1}.Release|Win32.ActiveCfg = Release|Win32
		{AB4DAE48-A046-44CC-BE01-B4FD93AF45B1}.Release|Win32.Build.0 = Release|Win32
		{C0A9AFF2-25CD-4044-8046-3F81B51D410D}.Debug|Win32.ActiveCfg = Debug|Win32
		{C0A9AFF2-25CD-4044-8046-3F81B51D410D}.Debug|Win32.Build.0 = Debug|Win32
		{C0A9AFF2-25CD-4044-8046-3F81B51D410D}.Release|Win32.ActiveCfg = Release|Win32
		{C0A9AFF2-25CD-4044-8046-3F81B51D410D}.Release|Win32.Build.0 = Release|Win32
		{B4FAFA02-62D1-433A-8020-16FD49B15EE9}.Debug|Win32.ActiveCfg = Debug|Win32
		{B4FAFA02-62D1-433A-8020-16FD49B15EE9}.Debug|Win32.Build.0 = Debug|Win32
		{B4FAFA02-62D1-433A-8020-16FD49B15EE9}.Release|Win32.ActiveCfg = Release|Win32
		{B4FAFA02-62D1-433A-8020-16FD49B15EE9}.Release|Win32.Build.0 = Release|Win32
		{8BCD6E50-99DA-4804-8E00-A8ECFF2D3714}.Debug|Win32.ActiveCfg = Debug|Win32
		{8BCD6E50-99DA-4804-8E00-A8ECFF2D3714}.Debug|Win32.Build.0 = Debug|Win32
		{8BCD6E50-99DA-4804-8E00-A8ECFF2D3714}.Release|Win32.ActiveCfg = Release|Win32
		{8BCD6E50-99DA-4804-8E00-A8ECFF2D3714}.Release|Win32.Build.0 = Release|Win32
		{2F341913-194E-44E2-A4DD-ECFA23B2AC36}.Debug|Win32.ActiveCfg = Debug|Win32
		{2F341913-194E-44E2-A4DD-ECFA23B2AC36}.Debug|Win32.Build.0 = Debug|Win32
		{2F341913-194E-44E2-A4DD-ECFA23B2AC36}.Release|Win32.ActiveCfg = Release|Win32
		{2F341913-194E-44E2-A4DD-ECFA23B2AC36}.Release|Win32.Build.0 = Release|Win32
		{D4F1A308-7A0A-4E26-BABD-EA413B919E9E}.Debug|Win32.ActiveCfg = Debug|Win32
		{D4F1A308-7A0A-4E26-BABD-EA413B919E9E}.Debug|Win32.Build.0 = Debug|Win32
		{D4F1A308-7A0A-4E26-BABD-EA413B919E9E}.Release|Win32.ActiveCfg = Release|Win32
		{D4F1A308-7A0A-4E26-BABD-EA413B919E9E}.Release|Win32.Build.0 = Release|Win32
		{29C4431E-D2D7-4C43-A8D8-CA4AAA9DFD74}.Debug|Win32.ActiveCfg = Debug|Win32
		{29C4431E-D2D7-4C43-A8D8-CA4AAA9DFD74}.Debug|Win32.Build.0 = Debug|Win32
		{29C4431E-D2D7-4C43-A8D8-CA4AAA9DFD74}.Release|Win32.ActiveCfg = Release|Win32
		{29C4431E-D2D7-4C43-A8D8-CA4AAA9DFD74}.Release|Win32.Build.0 = Release|Win32
		{CF604C44-3CE0-436F-8986-05B5E5FFA81B}.Debug|Win32.ActiveCfg = Debug|Win32
		{CF604C44-3CE0-436F-8986-05B5E5FFA81B}.Debug|Win32.Build.0 = Debug|Win32
		{CF604C44-3CE0-436F-8986-05B5E5FFA81B}.Release|Win32.ActiveCfg = Release|Win32
		{CF604C44-3CE0-436F-8986-05B5E5FFA81B}.Release|Win32.Build.0 = Release|Win32
		{B7F13FFD-29C5-4B1A-8482-52F0BE08808F}.Debug|Win32.ActiveCfg = Debug|Win32
		{B7F13FFD-29C5-4B1A-8482-52F0BE08808F}.Debug|Win32.Build.0 = Debug|Win32
		{B7F13FFD-29C5-4B1A-8482-52F0BE08808F}.Release|Win32.ActiveCfg = Release|Win32
		{B7F13FFD-29C5-4B1A-8482-52F0BE08808F}.Release|Win32.Build.0 = Release|Win32
		{3F341928-82D0-449A-A139-A19F8AF4259B}.Debug|Win32.ActiveCfg = Debug|Win32
		{3F341928-82D0-449A-A139-A19F8AF4259B}.Debug|Win32.Build.0 = Debug|Win32
		{3F341928-82D0-449A-A139-A19F8AF4259B}.Release|Win32.ActiveCfg = Release|Win32
		{3F341928-82D0-449A-A139-A19F8AF4259B}.Release|Win32.Build.0 = Release|Win32
		{770DE8C4-6B01-412E-B61E-0DCC4EC930F4}.Debug|Win32.ActiveCfg = Debug|Win32
		{770DE8C4-6B01-412E-B61E-0DCC4EC930F4}.Debug|Win32.Build.0 = Debug|Win32
		{770DE8C4-6B01-412E-B61E-0DCC4EC930F4}.Release|Win32.ActiveCfg = Release|Win32
		{770DE8C4-6B01-412E-B61E-0DCC4EC930F4}.Release|Win32.Build.0 = Release|Win32
		{58820C10-17D2-4900-AD71-D74AD7E67C54}.Debug|Win32.ActiveCfg = Debug|Win32
		{58820C10-17D2-4900-AD71-D74AD7E67C54}.Debug|Win32.Build.0 = Debug|Win32
		{58820C10-17D2-4900-AD71-D74AD7E67C54}.Release|Win32.ActiveCfg = Release|Win32
		{58820C10-17D2-4900-AD71-D74AD7E67C54}.Release|Win32.Build.0 = Release|Win32
		{B5840D6B-7324-47E1-953B-8661E6BD7960}.Debug|Win32.ActiveCfg = Debug|Win32
		{B5840D6B-7324-47E1-953B-8661E6BD7960}.Debug|Win32.Build.0 = Debug|Win32
		{B5840D6B-7324-47E1-953B-8661E6BD7960}.Release|Win32.ActiveCfg = Release|Win32
		{B5840D6B-7324-47E1-953B-8661E6BD7960}.Release|Win32.Build.0 = Release|Win32
		{B95292DE-3CC7-403F-A13A-20368C683379}.Debug|Win32.ActiveCfg = Debug|Win32
		{B95292DE-3CC7-403F-A13A-20368C683379}.Debug|Win32.Build.0 = Debug|Win32
		{B95292DE-3CC7-403F-A13A-20368C683379}.Release|Win32.ActiveCfg = Release|Win32
		{B95292DE-3CC7-403F-A13A-20368C683379}.Release|Win32.Build.0 = Release|Win32
		{A482A19D-4325-44FA-BC53-B38FBD2058F6}.Debug|Win32.ActiveCfg = Debug|Win32
		{A482A19D-4325-44FA-BC53-B38FBD2058F6}.Debug|Win32.Build.0 = Debug|Win32
		{A482A19D-4325-44FA-BC53-B38FBD2058F6}.Release|Win32.ActiveCfg = Release|Win32
		{A482A19D-4325-44FA-BC53-B38FBD2058F6}.Release|Win32.Build.0 = Release|Win32
		{C110AC4C-A659-4C44-954B-57DC06C09D15}.Debug|Win32.ActiveCfg = Debug|Win32
		{C110AC4C-A659-4C44-954B-57DC06C09D15}.Debug|Win32.Build.0 = Debug|Win32
		{C110AC4C-A659-4C44-954B-57DC06C09D15}.Release|Win32.ActiveCfg = Release|Win32
		{C110AC4C-A659-4C44-954B-57DC06C09D15}.Release|Win32.Build.0 = Release|Win32
		{092EBBDE-31C1-4454-9361-A43F2B56241B}.Debug|Win32.ActiveCfg = Debug|Win32
		{092EBBDE-31C1-4454-9361-A43F2B56241B}.Debug|Win32.Build.0 = Debug|Win32
		{092EBBDE-31C1-4454-9361-A43F2B56241B}.Release|Win32.ActiveCfg = Release|Win32
		{092EBBDE-31C1-4454-9361-A43F2B56241B}.Release|Win32.Build.0 = Release|Win32
		{B15CE779-5C0E-4702-926E-637EE3438742}.Debug|Win32.ActiveCfg = Debug|Win32
		{B15CE779-5C0E-4702-926E-637EE3438742}.Debug|Win32.Build.0 = Debug|Win32
		{B15CE779-5C0E-4702-926E-637EE3438742}.Release|Win32.ActiveCfg = Release|Win32
		{B15CE779-5C0E-4702-926E-637EE3438742}.Release|Win32.Build.0 = Release|Win32
		{54174A1A-E286-4EF5-BD72-4E4B29CAC152}.Debug|Win32.ActiveCfg = Debug|Win32
		{54174A1A-E286-4EF5-BD72-4E4B29CAC152}.Debug|Win32.Build.0 = Debug|Win32
		{54174A1A-E286-4EF5-BD72-4E4B29CAC152}.Release|Win32.ActiveCfg = Release|Win32
		{54174A1A-E286-4EF5-BD72-4E4B29CAC152}.Release|Win32.Build.0 = Release|Win32
		{31848AFF-43C3-4C9B-839E-274665227352}.Debug|Win32.ActiveCfg = Debug|Win32
		{31848AFF-43C3-4C9B-839E-274665227352}.Debug|Win32.Build.0 = Debug|Win32
		{31848AFF-43C3-4C9B-839E-274665227352}.Release|Win32.ActiveCfg = Release|Win32
		{31848AFF-43C3-4C9B-839E-274665227352}.Release|Win32.Build.0 = Release|Win32
		{9386139A-94F4-44CC-99E4-206E96CE2224}.Debug|Win32.ActiveCfg = Debug|Win32
		{9386139A-94F4-44CC-99E4-206E96CE2224}.Debug|Win32.Build.0 = Debug|Win32
		{9386139A-94F4-44CC-99E4-206E96CE2224}.Release|Win32.ActiveCfg = Release|Win32
		{9386139A-94F4-44CC-99E4-206E96CE2224}.Release|Win32.Build.0 = Release|Win32
		{5F71EDC8-EB31-44D0-A7CE-AA89FF213DCD}.Debug|Win32.ActiveCfg = Debug|Win32
		{5F71EDC8-EB31-44D0-A7CE-AA89FF213DCD}.Debug|Win32.Build.0 = Debug|Win32
		{5F71EDC8-EB31-44D0-A7CE-AA89FF213DCD}.Release|Win32.ActiveCfg = Release|Win32
		{5F71EDC8-EB31-44D0-A7CE-AA89FF213DCD}.Release|Win32.Build.0 = Release|Win32
		{23937016-648A-495E-91E5-2E43176DAD01}.Debug|Win32.ActiveCfg = Debug|Win32
		{23937016-648A-495E-91E5-2E43176DAD01}.Debug|Win32.Build.0 = Debug|Win32
		{23937016-648A-495E-91E5-2E43176DAD01}.Release|Win32.ActiveCfg = Release|Win32
		{23937016-648A-495E-91E5-2E43176DAD01}.Release|Win32.Build.0 = Release|Win32
		{42880371-1BC8-4E27-903A-3A7A8037ABDC}.Debug|Win32.ActiveCfg = Debug|Win32
		{42880371-1BC8-4E27-903A-3A7A8037ABDC}.Debug|Win32.Build.0 = Debug|Win32
		{42880371-1BC8-4E27-903A-3A7A8037ABDC}.Release|Win32.ActiveCfg = Release|Win32
		{42880371-1BC8-4E27-903A-3A7A8037ABDC}.Release|Win32.Build.0 = Release|Win32
		{DEF92D1A-E2E6-49E9-9695-12E8F3038D9D}.Debug|Win32.ActiveCfg = Debug|Win32
		{DEF92D1A-E2E6-49E9-9695-12E8F3038D9D}.Debug|Win32.Build.0 = Debug|Win32
		{DEF92D1A-E2E6-49E9-9695-12E8F3038D9D}.Release|Win32.ActiveCfg = Release|Win32
		{DEF92D1A-E2E6-49E9-9695-12E8F3038D9D}.Release|Win32.Build.0 = Release|Win32
		{7D4BF973-F6C1-4787-B52C-713AB2A8FFFA}.Debug|Win32.ActiveCfg = Debug|Win32
		{7D4BF973-F6C1-4787-B52C-713AB2A8FFFA}.Debug|Win32.Build.0 = Debug|Win32
		{7D4BF973-F6C1-4787-B52C-713AB2A8FFFA}.Release|Win32.ActiveCfg = Release|Win32
		{7D4BF973-F6C1-4787-B52C-713AB2A8FFFA}.Release|Win32.Build.0 = Release|Win32
		{A1F81A84-1F1F-483E-9B22-C0A74407C2F7}.Debug|Win32.ActiveCfg = Debug|Win32
		{A1F81A84-1F1F-483E-9B22-C0A74407C2F7}.Debug|Win32.Build.0 = Debug|Win32
		{A1F81A84-1F1F-483E-9B22-C0A74407C2F7}.Release|Win32.ActiveCfg = Release|Win32
		{A1F81A84-1F1F-483E-9B22-C0A74407C2F7}.Release|Win32.Build.0 = Release|Win32
		{4D02EBBA-D168-4302-8D56-279A4806CB01}.Debug|Win32.ActiveCfg = Debug|Win32
		{4D02EBBA-D168-4302-8D56-279A4806CB01}.Debug|Win32.Build.0 = Debug|Win32
		{4D02EBBA-D168-4302-8D56-279A4806CB01}.Release|Win32.ActiveCfg = Release|Win32
		{4D02EBBA-D168-4302-8D56-279A4806CB01}.Release|Win32.Build.0 = Release|Win32
		{AF1EDECC-C012-48C1-8FD8-7D8B491FF107}.Debug|Win32.ActiveCfg = Debug|Win32
		{AF1EDECC-C012-48C1-8FD8-7D8B491FF107}.Debug|Win32.Build.0 = Debug|Win32
		{AF1EDECC-C012-48C1-8FD8-7D8B491FF107}.Release|Win32.ActiveCfg = Release|Win32
		{AF1EDECC-C012-48C1-8FD8-7D8B491FF107}.Release|Win32.Build.0 = Release|Win32
		{157DDA72-FA1F-4100-892D-B46379BF84D1}.Debug|Win32.ActiveCfg = Debug|Win32
		{157DDA72-FA1F-4100-892D-B46379BF84D1}.Debug|Win32.Build.0 = Debug|Win32
		{157DDA72-FA1F-4100-892D-B46379BF84D1}.Release|Win32.ActiveCfg = Release|Win32
		{157DDA72-FA1F-4100-892D-B46379BF84D1}.Release|Win32.Build.0 = Release|Win32
		{995964C5-EDC4-4AAE-8922-C71845EEE108}.Debug|Win32.ActiveCfg = Debug|Win32
		{995964C5-EDC4-4AAE-8922-C71845EEE108}.Debug|Win32.Build.0 = Debug|Win32
		{995964C5-EDC4-4AAE-8922-C71845EEE108}.Release|Win32.ActiveCfg = Release|Win32
		{995964C5-EDC4-4AAE-8922-C71845EEE108}.Release|Win32.Build.0 = Release|Win32
		{36325E25-3052-42B7-ACF7-FCCD9D1FE07A}.Debug|Win32.ActiveCfg = Debug|Win32
		{36325E25-3052-42B7-ACF7-FCCD9D1FE07A}.Debug|Win32.Build.0 = Debug|Win32
		{36325E25-3052-42B7-ACF7-FCCD9D1FE07A}.Release|Win32.ActiveCfg = Release|Win32
		{36325E25-3052-42B7-ACF7-FCCD9D1FE07A}.Release|Win32.Build.0 = Release|Win32
		{B02421BA-9B55-43CC-BEF7-4230E531BA23}.Debug|Win32.ActiveCfg = Debug|Win32
		{B02421BA-9B55-43CC-BEF7-4230E531BA23}.Debug|Win32.Build.0 = Debug|Win32
		{B02421BA-9B55-43CC-BEF7-4230E531BA23}.Release|Win32.ActiveCfg = Release|Win32
		{B02421BA-9B55-43CC-BEF7-4230E531BA23}.Release|Win32.Build.0 = Release|Win32
		{558F7743-CB95-47FB-80BA-5467156F0006}.Debug|Win32.ActiveCfg = Debug|Win32
		{558F7743-CB95-47FB-80BA-5467156F0006}.Debug|Win32.Build.0 = Debug|Win32
		{558F7743-CB95-47FB-80BA-5467156F0006}.Release|Win32.ActiveCfg = Release|Win32
		{558F7743-CB95-47FB-80BA-5467156F0006}.Release|Win32.Build.0 = Release|Win32
		{17B4B128-F988-4E9B-8B77-EF4EA115E995}.Debug|Win32.ActiveCfg = Debug|Win32
		{17B4B128-F988-4E9B-8B77-EF4EA115E995}.Debug|Win32.Build.0 = Debug|Win32
		{17B4B128-F988-4E9B-8B77-EF4EA115E995}.Release|Win32.ActiveCfg = Release|Win32
		{17B4B128-F988-4E9B-8B77-EF4EA115E995}.Release|Win32.Build.0 = Release|Win32
	EndGlobalSection
	GlobalSection(SolutionProperties) = preSolution
		HideSolutionNode = FALSE
	EndGlobalSection
EndGlobal
