
Microsoft Visual Studio Solution File, Format Version 10.00
# Visual C++ Express 2008
Project("{8BC9CEB8-8B4A-11D0-8D11-00A0C91BC942}") = "prob11", "prob11\prob11.vcproj", "{E92C5995-010C-4877-AD61-7D7E52D9291B}"
EndProject
Global
	GlobalSection(SolutionConfigurationPlatforms) = preSolution
		Debug|Win32 = Debug|Win32
		Release|Win32 = Release|Win32
	EndGlobalSection
	GlobalSection(ProjectConfigurationPlatforms) = postSolution
		{E92C5995-010C-4877-AD61-7D7E52D9291B}.Debug|Win32.ActiveCfg = Debug|Win32
		{E92C5995-010C-4877-AD61-7D7E52D9291B}.Debug|Win32.Build.0 = Debug|Win32
		{E92C5995-010C-4877-AD61-7D7E52D9291B}.Release|Win32.ActiveCfg = Release|Win32
		{E92C5995-010C-4877-AD61-7D7E52D9291B}.Release|Win32.Build.0 = Release|Win32
	EndGlobalSection
	GlobalSection(SolutionProperties) = preSolution
		HideSolutionNode = FALSE
	EndGlobalSection
EndGlobal
