
Microsoft Visual Studio Solution File, Format Version 10.00
# Visual C++ Express 2008
Project("{8BC9CEB8-8B4A-11D0-8D11-00A0C91BC942}") = "prob28", "prob28\prob28.vcproj", "{4D074060-C5A0-488B-BA34-D7EEBE9E90D6}"
EndProject
Global
	GlobalSection(SolutionConfigurationPlatforms) = preSolution
		Debug|Win32 = Debug|Win32
		Release|Win32 = Release|Win32
	EndGlobalSection
	GlobalSection(ProjectConfigurationPlatforms) = postSolution
		{4D074060-C5A0-488B-BA34-D7EEBE9E90D6}.Debug|Win32.ActiveCfg = Debug|Win32
		{4D074060-C5A0-488B-BA34-D7EEBE9E90D6}.Debug|Win32.Build.0 = Debug|Win32
		{4D074060-C5A0-488B-BA34-D7EEBE9E90D6}.Release|Win32.ActiveCfg = Release|Win32
		{4D074060-C5A0-488B-BA34-D7EEBE9E90D6}.Release|Win32.Build.0 = Release|Win32
	EndGlobalSection
	GlobalSection(SolutionProperties) = preSolution
		HideSolutionNode = FALSE
	EndGlobalSection
EndGlobal
