
Microsoft Visual Studio Solution File, Format Version 10.00
# Visual C++ Express 2008
Project("{8BC9CEB8-8B4A-11D0-8D11-00A0C91BC942}") = "prob51", "prob51\prob51.vcproj", "{49DDEB49-54AE-4C3E-81E8-795A70EA9CBD}"
EndProject
Global
	GlobalSection(SolutionConfigurationPlatforms) = preSolution
		Debug|Win32 = Debug|Win32
		Release|Win32 = Release|Win32
	EndGlobalSection
	GlobalSection(ProjectConfigurationPlatforms) = postSolution
		{49DDEB49-54AE-4C3E-81E8-795A70EA9CBD}.Debug|Win32.ActiveCfg = Debug|Win32
		{49DDEB49-54AE-4C3E-81E8-795A70EA9CBD}.Debug|Win32.Build.0 = Debug|Win32
		{49DDEB49-54AE-4C3E-81E8-795A70EA9CBD}.Release|Win32.ActiveCfg = Release|Win32
		{49DDEB49-54AE-4C3E-81E8-795A70EA9CBD}.Release|Win32.Build.0 = Release|Win32
	EndGlobalSection
	GlobalSection(SolutionProperties) = preSolution
		HideSolutionNode = FALSE
	EndGlobalSection
EndGlobal
