
Microsoft Visual Studio Solution File, Format Version 10.00
# Visual C++ Express 2008
Project("{8BC9CEB8-8B4A-11D0-8D11-00A0C91BC942}") = "prob45", "prob45\prob45.vcproj", "{86313597-03B2-44E3-89FE-2DBF66040BFD}"
EndProject
Global
	GlobalSection(SolutionConfigurationPlatforms) = preSolution
		Debug|Win32 = Debug|Win32
		Release|Win32 = Release|Win32
	EndGlobalSection
	GlobalSection(ProjectConfigurationPlatforms) = postSolution
		{86313597-03B2-44E3-89FE-2DBF66040BFD}.Debug|Win32.ActiveCfg = Debug|Win32
		{86313597-03B2-44E3-89FE-2DBF66040BFD}.Debug|Win32.Build.0 = Debug|Win32
		{86313597-03B2-44E3-89FE-2DBF66040BFD}.Release|Win32.ActiveCfg = Release|Win32
		{86313597-03B2-44E3-89FE-2DBF66040BFD}.Release|Win32.Build.0 = Release|Win32
	EndGlobalSection
	GlobalSection(SolutionProperties) = preSolution
		HideSolutionNode = FALSE
	EndGlobalSection
EndGlobal
