
Microsoft Visual Studio Solution File, Format Version 11.00
# Visual C++ Express 2010
Project("{8BC9CEB8-8B4A-11D0-8D11-00A0C91BC942}") = "prob13", "prob13\prob13.vcxproj", "{DC33F1E1-2B88-4A9A-A17F-64431A0E4770}"
EndProject
Global
	GlobalSection(SolutionConfigurationPlatforms) = preSolution
		Debug|Win32 = Debug|Win32
		Release|Win32 = Release|Win32
	EndGlobalSection
	GlobalSection(ProjectConfigurationPlatforms) = postSolution
		{DC33F1E1-2B88-4A9A-A17F-64431A0E4770}.Debug|Win32.ActiveCfg = Debug|Win32
		{DC33F1E1-2B88-4A9A-A17F-64431A0E4770}.Debug|Win32.Build.0 = Debug|Win32
		{DC33F1E1-2B88-4A9A-A17F-64431A0E4770}.Release|Win32.ActiveCfg = Release|Win32
		{DC33F1E1-2B88-4A9A-A17F-64431A0E4770}.Release|Win32.Build.0 = Release|Win32
	EndGlobalSection
	GlobalSection(SolutionProperties) = preSolution
		HideSolutionNode = FALSE
	EndGlobalSection
EndGlobal
