
Microsoft Visual Studio Solution File, Format Version 10.00
# Visual C++ Express 2008
Project("{8BC9CEB8-8B4A-11D0-8D11-00A0C91BC942}") = "prob27", "prob27\prob27.vcproj", "{13059A97-F887-4E74-8006-CDF9752AC1E3}"
EndProject
Global
	GlobalSection(SolutionConfigurationPlatforms) = preSolution
		Debug|Win32 = Debug|Win32
		Release|Win32 = Release|Win32
	EndGlobalSection
	GlobalSection(ProjectConfigurationPlatforms) = postSolution
		{13059A97-F887-4E74-8006-CDF9752AC1E3}.Debug|Win32.ActiveCfg = Debug|Win32
		{13059A97-F887-4E74-8006-CDF9752AC1E3}.Debug|Win32.Build.0 = Debug|Win32
		{13059A97-F887-4E74-8006-CDF9752AC1E3}.Release|Win32.ActiveCfg = Release|Win32
		{13059A97-F887-4E74-8006-CDF9752AC1E3}.Release|Win32.Build.0 = Release|Win32
	EndGlobalSection
	GlobalSection(SolutionProperties) = preSolution
		HideSolutionNode = FALSE
	EndGlobalSection
EndGlobal
