
Microsoft Visual Studio Solution File, Format Version 10.00
# Visual C++ Express 2008
Project("{8BC9CEB8-8B4A-11D0-8D11-00A0C91BC942}") = "prob31", "prob31\prob31.vcproj", "{4CE2B649-3F8E-4603-978E-8D5BCE0FD940}"
EndProject
Global
	GlobalSection(SolutionConfigurationPlatforms) = preSolution
		Debug|Win32 = Debug|Win32
		Release|Win32 = Release|Win32
	EndGlobalSection
	GlobalSection(ProjectConfigurationPlatforms) = postSolution
		{4CE2B649-3F8E-4603-978E-8D5BCE0FD940}.Debug|Win32.ActiveCfg = Debug|Win32
		{4CE2B649-3F8E-4603-978E-8D5BCE0FD940}.Debug|Win32.Build.0 = Debug|Win32
		{4CE2B649-3F8E-4603-978E-8D5BCE0FD940}.Release|Win32.ActiveCfg = Release|Win32
		{4CE2B649-3F8E-4603-978E-8D5BCE0FD940}.Release|Win32.Build.0 = Release|Win32
	EndGlobalSection
	GlobalSection(SolutionProperties) = preSolution
		HideSolutionNode = FALSE
	EndGlobalSection
EndGlobal
