
Microsoft Visual Studio Solution File, Format Version 10.00
# Visual C++ Express 2008
Project("{8BC9CEB8-8B4A-11D0-8D11-00A0C91BC942}") = "prob47", "prob47\prob47.vcproj", "{A9F6DB7A-809F-452B-A8B2-2171ED0A6860}"
EndProject
Global
	GlobalSection(SolutionConfigurationPlatforms) = preSolution
		Debug|Win32 = Debug|Win32
		Release|Win32 = Release|Win32
	EndGlobalSection
	GlobalSection(ProjectConfigurationPlatforms) = postSolution
		{A9F6DB7A-809F-452B-A8B2-2171ED0A6860}.Debug|Win32.ActiveCfg = Debug|Win32
		{A9F6DB7A-809F-452B-A8B2-2171ED0A6860}.Debug|Win32.Build.0 = Debug|Win32
		{A9F6DB7A-809F-452B-A8B2-2171ED0A6860}.Release|Win32.ActiveCfg = Release|Win32
		{A9F6DB7A-809F-452B-A8B2-2171ED0A6860}.Release|Win32.Build.0 = Release|Win32
	EndGlobalSection
	GlobalSection(SolutionProperties) = preSolution
		HideSolutionNode = FALSE
	EndGlobalSection
EndGlobal
