
Microsoft Visual Studio Solution File, Format Version 10.00
# Visual C++ Express 2008
Project("{8BC9CEB8-8B4A-11D0-8D11-00A0C91BC942}") = "prob50", "prob50\prob50.vcproj", "{303C968F-E39D-4F74-AA31-A57A9A12B792}"
EndProject
Global
	GlobalSection(SolutionConfigurationPlatforms) = preSolution
		Debug|Win32 = Debug|Win32
		Release|Win32 = Release|Win32
	EndGlobalSection
	GlobalSection(ProjectConfigurationPlatforms) = postSolution
		{303C968F-E39D-4F74-AA31-A57A9A12B792}.Debug|Win32.ActiveCfg = Debug|Win32
		{303C968F-E39D-4F74-AA31-A57A9A12B792}.Debug|Win32.Build.0 = Debug|Win32
		{303C968F-E39D-4F74-AA31-A57A9A12B792}.Release|Win32.ActiveCfg = Release|Win32
		{303C968F-E39D-4F74-AA31-A57A9A12B792}.Release|Win32.Build.0 = Release|Win32
	EndGlobalSection
	GlobalSection(SolutionProperties) = preSolution
		HideSolutionNode = FALSE
	EndGlobalSection
EndGlobal
