
Microsoft Visual Studio Solution File, Format Version 10.00
# Visual C++ Express 2008
Project("{8BC9CEB8-8B4A-11D0-8D11-00A0C91BC942}") = "prob12", "prob12\prob12.vcproj", "{6260325A-5A3A-4F49-9EF8-61920CA05775}"
EndProject
Global
	GlobalSection(SolutionConfigurationPlatforms) = preSolution
		Debug|Win32 = Debug|Win32
		Release|Win32 = Release|Win32
	EndGlobalSection
	GlobalSection(ProjectConfigurationPlatforms) = postSolution
		{6260325A-5A3A-4F49-9EF8-61920CA05775}.Debug|Win32.ActiveCfg = Debug|Win32
		{6260325A-5A3A-4F49-9EF8-61920CA05775}.Debug|Win32.Build.0 = Debug|Win32
		{6260325A-5A3A-4F49-9EF8-61920CA05775}.Release|Win32.ActiveCfg = Release|Win32
		{6260325A-5A3A-4F49-9EF8-61920CA05775}.Release|Win32.Build.0 = Release|Win32
	EndGlobalSection
	GlobalSection(SolutionProperties) = preSolution
		HideSolutionNode = FALSE
	EndGlobalSection
EndGlobal
