
Microsoft Visual Studio Solution File, Format Version 10.00
# Visual C++ Express 2008
Project("{8BC9CEB8-8B4A-11D0-8D11-00A0C91BC942}") = "prob28", "prob28\prob28.vcproj", "{789213C1-8BA3-48A5-9E54-9989DC9CDD3B}"
EndProject
Global
	GlobalSection(SolutionConfigurationPlatforms) = preSolution
		Debug|Win32 = Debug|Win32
		Release|Win32 = Release|Win32
	EndGlobalSection
	GlobalSection(ProjectConfigurationPlatforms) = postSolution
		{789213C1-8BA3-48A5-9E54-9989DC9CDD3B}.Debug|Win32.ActiveCfg = Debug|Win32
		{789213C1-8BA3-48A5-9E54-9989DC9CDD3B}.Debug|Win32.Build.0 = Debug|Win32
		{789213C1-8BA3-48A5-9E54-9989DC9CDD3B}.Release|Win32.ActiveCfg = Release|Win32
		{789213C1-8BA3-48A5-9E54-9989DC9CDD3B}.Release|Win32.Build.0 = Release|Win32
	EndGlobalSection
	GlobalSection(SolutionProperties) = preSolution
		HideSolutionNode = FALSE
	EndGlobalSection
EndGlobal
